// !$*UTF8*$!
{
	archiveVersion = 1;
	classes = {
	};
	objectVersion = 77;
	objects = {

/* Begin PBXBuildFile section */
		63D52B822CC1957A00226EB4 /* FirebaseAnalytics in Frameworks */ = {isa = PBXBuildFile; productRef = 63D52B812CC1957A00226EB4 /* FirebaseAnalytics */; };
		63D52B842CC1957A00226EB4 /* FirebaseAnalyticsOnDeviceConversion in Frameworks */ = {isa = PBXBuildFile; productRef = 63D52B832CC1957A00226EB4 /* FirebaseAnalyticsOnDeviceConversion */; };
		63D52B862CC1957A00226EB4 /* FirebaseAnalyticsWithoutAdIdSupport in Frameworks */ = {isa = PBXBuildFile; productRef = 63D52B852CC1957A00226EB4 /* FirebaseAnalyticsWithoutAdIdSupport */; };
		63D52B882CC1957A00226EB4 /* FirebaseAppCheck in Frameworks */ = {isa = PBXBuildFile; productRef = 63D52B872CC1957A00226EB4 /* FirebaseAppCheck */; };
		63D52B8A2CC1957A00226EB4 /* FirebaseAppDistribution-Beta in Frameworks */ = {isa = PBXBuildFile; productRef = 63D52B892CC1957A00226EB4 /* FirebaseAppDistribution-Beta */; };
		63D52B992CC1993300226EB4 /* FirebaseAuth in Frameworks */ = {isa = PBXBuildFile; productRef = 63D52B982CC1993300226EB4 /* FirebaseAuth */; };
		63D52B9B2CC1993300226EB4 /* FirebaseAuthCombine-Community in Frameworks */ = {isa = PBXBuildFile; productRef = 63D52B9A2CC1993300226EB4 /* FirebaseAuthCombine-Community */; };
		63D52B9D2CC1993300226EB4 /* FirebaseCore in Frameworks */ = {isa = PBXBuildFile; productRef = 63D52B9C2CC1993300226EB4 /* FirebaseCore */; };
		63D52BA12CC1993300226EB4 /* FirebaseDatabase in Frameworks */ = {isa = PBXBuildFile; productRef = 63D52BA02CC1993300226EB4 /* FirebaseDatabase */; };
		63D52BA32CC1993300226EB4 /* FirebaseDynamicLinks in Frameworks */ = {isa = PBXBuildFile; productRef = 63D52BA22CC1993300226EB4 /* FirebaseDynamicLinks */; };
		63D52BA52CC1993300226EB4 /* FirebaseFirestore in Frameworks */ = {isa = PBXBuildFile; productRef = 63D52BA42CC1993300226EB4 /* FirebaseFirestore */; };
		63D52BA72CC1993300226EB4 /* FirebaseFirestoreCombine-Community in Frameworks */ = {isa = PBXBuildFile; productRef = 63D52BA62CC1993300226EB4 /* FirebaseFirestoreCombine-Community */; };
		63D52BA92CC1993300226EB4 /* FirebaseFunctions in Frameworks */ = {isa = PBXBuildFile; productRef = 63D52BA82CC1993300226EB4 /* FirebaseFunctions */; };
		63D52BAB2CC1993300226EB4 /* FirebaseFunctionsCombine-Community in Frameworks */ = {isa = PBXBuildFile; productRef = 63D52BAA2CC1993300226EB4 /* FirebaseFunctionsCombine-Community */; };
		63D52BAD2CC1993300226EB4 /* FirebaseInAppMessaging-Beta in Frameworks */ = {isa = PBXBuildFile; productRef = 63D52BAC2CC1993300226EB4 /* FirebaseInAppMessaging-Beta */; };
		63D52BAF2CC1993300226EB4 /* FirebaseInstallations in Frameworks */ = {isa = PBXBuildFile; productRef = 63D52BAE2CC1993300226EB4 /* FirebaseInstallations */; };
		63D52BB12CC1993300226EB4 /* FirebaseMLModelDownloader in Frameworks */ = {isa = PBXBuildFile; productRef = 63D52BB02CC1993300226EB4 /* FirebaseMLModelDownloader */; };
		63D52BB32CC1993300226EB4 /* FirebaseMessaging in Frameworks */ = {isa = PBXBuildFile; productRef = 63D52BB22CC1993300226EB4 /* FirebaseMessaging */; };
		63D52BB52CC1993300226EB4 /* FirebasePerformance in Frameworks */ = {isa = PBXBuildFile; productRef = 63D52BB42CC1993300226EB4 /* FirebasePerformance */; };
		63D52BB72CC1993300226EB4 /* FirebaseRemoteConfig in Frameworks */ = {isa = PBXBuildFile; productRef = 63D52BB62CC1993300226EB4 /* FirebaseRemoteConfig */; };
		63D52BB92CC1993300226EB4 /* FirebaseStorage in Frameworks */ = {isa = PBXBuildFile; productRef = 63D52BB82CC1993300226EB4 /* FirebaseStorage */; };
		63D52BBB2CC1993300226EB4 /* FirebaseStorageCombine-Community in Frameworks */ = {isa = PBXBuildFile; productRef = 63D52BBA2CC1993300226EB4 /* FirebaseStorageCombine-Community */; };
		63D52BEC2CC1B38500226EB4 /* FirebaseFirestore in Frameworks */ = {isa = PBXBuildFile; productRef = 63D52BEB2CC1B38500226EB4 /* FirebaseFirestore */; };
		63D52BEE2CC1B38500226EB4 /* FirebaseFirestoreCombine-Community in Frameworks */ = {isa = PBXBuildFile; productRef = 63D52BED2CC1B38500226EB4 /* FirebaseFirestoreCombine-Community */; };
		63D52BF12CC1B4DA00226EB4 /* FirebaseFirestore in Frameworks */ = {isa = PBXBuildFile; productRef = 63D52BF02CC1B4DA00226EB4 /* FirebaseFirestore */; };
		63D52BF32CC1B4DA00226EB4 /* FirebaseFirestoreCombine-Community in Frameworks */ = {isa = PBXBuildFile; productRef = 63D52BF22CC1B4DA00226EB4 /* FirebaseFirestoreCombine-Community */; };
		63D52BF52CC1B59700226EB4 /* FirebaseFirestore in Frameworks */ = {isa = PBXBuildFile; productRef = 63D52BF42CC1B59700226EB4 /* FirebaseFirestore */; };
/* End PBXBuildFile section */

/* Begin PBXContainerItemProxy section */
		63D52B612CC193C200226EB4 /* PBXContainerItemProxy */ = {
			isa = PBXContainerItemProxy;
			containerPortal = 63D52B422CC193C000226EB4 /* Project object */;
			proxyType = 1;
			remoteGlobalIDString = 63D52B492CC193C000226EB4;
			remoteInfo = HajdeHajm;
		};
		63D52B6B2CC193C200226EB4 /* PBXContainerItemProxy */ = {
			isa = PBXContainerItemProxy;
			containerPortal = 63D52B422CC193C000226EB4 /* Project object */;
			proxyType = 1;
			remoteGlobalIDString = 63D52B492CC193C000226EB4;
			remoteInfo = HajdeHajm;
		};
/* End PBXContainerItemProxy section */

/* Begin PBXFileReference section */
		63D52B4A2CC193C000226EB4 /* HajdeHajm.app */ = {isa = PBXFileReference; explicitFileType = wrapper.application; includeInIndex = 0; path = HajdeHajm.app; sourceTree = BUILT_PRODUCTS_DIR; };
		63D52B602CC193C200226EB4 /* HajdeHajmTests.xctest */ = {isa = PBXFileReference; explicitFileType = wrapper.cfbundle; includeInIndex = 0; path = HajdeHajmTests.xctest; sourceTree = BUILT_PRODUCTS_DIR; };
		63D52B6A2CC193C200226EB4 /* HajdeHajmUITests.xctest */ = {isa = PBXFileReference; explicitFileType = wrapper.cfbundle; includeInIndex = 0; path = HajdeHajmUITests.xctest; sourceTree = BUILT_PRODUCTS_DIR; };
/* End PBXFileReference section */

/* Begin PBXFileSystemSynchronizedBuildFileExceptionSet section */
		63D52B722CC193C200226EB4 /* Exceptions for "HajdeHajm" folder in "HajdeHajm" target */ = {
			isa = PBXFileSystemSynchronizedBuildFileExceptionSet;
			membershipExceptions = (
				Info.plist,
			);
			target = 63D52B492CC193C000226EB4 /* HajdeHajm */;
		};
/* End PBXFileSystemSynchronizedBuildFileExceptionSet section */

/* Begin PBXFileSystemSynchronizedRootGroup section */
		63D52B4C2CC193C000226EB4 /* HajdeHajm */ = {
			isa = PBXFileSystemSynchronizedRootGroup;
			exceptions = (
				63D52B722CC193C200226EB4 /* Exceptions for "HajdeHajm" folder in "HajdeHajm" target */,
			);
			path = HajdeHajm;
			sourceTree = "<group>";
		};
		63D52B632CC193C200226EB4 /* HajdeHajmTests */ = {
			isa = PBXFileSystemSynchronizedRootGroup;
			path = HajdeHajmTests;
			sourceTree = "<group>";
		};
		63D52B6D2CC193C200226EB4 /* HajdeHajmUITests */ = {
			isa = PBXFileSystemSynchronizedRootGroup;
			path = HajdeHajmUITests;
			sourceTree = "<group>";
		};
/* End PBXFileSystemSynchronizedRootGroup section */

/* Begin PBXFrameworksBuildPhase section */
		63D52B472CC193C000226EB4 /* Frameworks */ = {
			isa = PBXFrameworksBuildPhase;
			buildActionMask = 2147483647;
			files = (
				63D52BA72CC1993300226EB4 /* FirebaseFirestoreCombine-Community in Frameworks */,
				63D52BA92CC1993300226EB4 /* FirebaseFunctions in Frameworks */,
				63D52BB52CC1993300226EB4 /* FirebasePerformance in Frameworks */,
				63D52BBB2CC1993300226EB4 /* FirebaseStorageCombine-Community in Frameworks */,
				63D52BB72CC1993300226EB4 /* FirebaseRemoteConfig in Frameworks */,
				63D52BA12CC1993300226EB4 /* FirebaseDatabase in Frameworks */,
				63D52BA32CC1993300226EB4 /* FirebaseDynamicLinks in Frameworks */,
				63D52B882CC1957A00226EB4 /* FirebaseAppCheck in Frameworks */,
				63D52BF52CC1B59700226EB4 /* FirebaseFirestore in Frameworks */,
				63D52B992CC1993300226EB4 /* FirebaseAuth in Frameworks */,
				63D52B822CC1957A00226EB4 /* FirebaseAnalytics in Frameworks */,
				63D52BA52CC1993300226EB4 /* FirebaseFirestore in Frameworks */,
				63D52BB32CC1993300226EB4 /* FirebaseMessaging in Frameworks */,
				63D52BF32CC1B4DA00226EB4 /* FirebaseFirestoreCombine-Community in Frameworks */,
				63D52BEE2CC1B38500226EB4 /* FirebaseFirestoreCombine-Community in Frameworks */,
				63D52BF12CC1B4DA00226EB4 /* FirebaseFirestore in Frameworks */,
				63D52BAF2CC1993300226EB4 /* FirebaseInstallations in Frameworks */,
				63D52BAB2CC1993300226EB4 /* FirebaseFunctionsCombine-Community in Frameworks */,
				63D52B8A2CC1957A00226EB4 /* FirebaseAppDistribution-Beta in Frameworks */,
				63D52B862CC1957A00226EB4 /* FirebaseAnalyticsWithoutAdIdSupport in Frameworks */,
				63D52BAD2CC1993300226EB4 /* FirebaseInAppMessaging-Beta in Frameworks */,
				63D52B9B2CC1993300226EB4 /* FirebaseAuthCombine-Community in Frameworks */,
				63D52BB12CC1993300226EB4 /* FirebaseMLModelDownloader in Frameworks */,
				63D52BB92CC1993300226EB4 /* FirebaseStorage in Frameworks */,
				63D52B9D2CC1993300226EB4 /* FirebaseCore in Frameworks */,
				63D52BEC2CC1B38500226EB4 /* FirebaseFirestore in Frameworks */,
				63D52B842CC1957A00226EB4 /* FirebaseAnalyticsOnDeviceConversion in Frameworks */,
			);
			runOnlyForDeploymentPostprocessing = 0;
		};
		63D52B5D2CC193C200226EB4 /* Frameworks */ = {
			isa = PBXFrameworksBuildPhase;
			buildActionMask = 2147483647;
			files = (
			);
			runOnlyForDeploymentPostprocessing = 0;
		};
		63D52B672CC193C200226EB4 /* Frameworks */ = {
			isa = PBXFrameworksBuildPhase;
			buildActionMask = 2147483647;
			files = (
			);
			runOnlyForDeploymentPostprocessing = 0;
		};
/* End PBXFrameworksBuildPhase section */

/* Begin PBXGroup section */
		63D52B412CC193C000226EB4 = {
			isa = PBXGroup;
			children = (
				63D52B4C2CC193C000226EB4 /* HajdeHajm */,
				63D52B632CC193C200226EB4 /* HajdeHajmTests */,
				63D52B6D2CC193C200226EB4 /* HajdeHajmUITests */,
				63D52BEF2CC1B47000226EB4 /* Frameworks */,
				63D52B4B2CC193C000226EB4 /* Products */,
			);
			sourceTree = "<group>";
		};
		63D52B4B2CC193C000226EB4 /* Products */ = {
			isa = PBXGroup;
			children = (
				63D52B4A2CC193C000226EB4 /* HajdeHajm.app */,
				63D52B602CC193C200226EB4 /* HajdeHajmTests.xctest */,
				63D52B6A2CC193C200226EB4 /* HajdeHajmUITests.xctest */,
			);
			name = Products;
			sourceTree = "<group>";
		};
		63D52BEF2CC1B47000226EB4 /* Frameworks */ = {
			isa = PBXGroup;
			children = (
			);
			name = Frameworks;
			sourceTree = "<group>";
		};
/* End PBXGroup section */

/* Begin PBXNativeTarget section */
		63D52B492CC193C000226EB4 /* HajdeHajm */ = {
			isa = PBXNativeTarget;
			buildConfigurationList = 63D52B732CC193C200226EB4 /* Build configuration list for PBXNativeTarget "HajdeHajm" */;
			buildPhases = (
				63D52B462CC193C000226EB4 /* Sources */,
				63D52B472CC193C000226EB4 /* Frameworks */,
				63D52B482CC193C000226EB4 /* Resources */,
			);
			buildRules = (
			);
			dependencies = (
			);
			fileSystemSynchronizedGroups = (
				63D52B4C2CC193C000226EB4 /* HajdeHajm */,
			);
			name = HajdeHajm;
			packageProductDependencies = (
				63D52B812CC1957A00226EB4 /* FirebaseAnalytics */,
				63D52B832CC1957A00226EB4 /* FirebaseAnalyticsOnDeviceConversion */,
				63D52B852CC1957A00226EB4 /* FirebaseAnalyticsWithoutAdIdSupport */,
				63D52B872CC1957A00226EB4 /* FirebaseAppCheck */,
				63D52B892CC1957A00226EB4 /* FirebaseAppDistribution-Beta */,
				63D52B982CC1993300226EB4 /* FirebaseAuth */,
				63D52B9A2CC1993300226EB4 /* FirebaseAuthCombine-Community */,
				63D52B9C2CC1993300226EB4 /* FirebaseCore */,
				63D52BA02CC1993300226EB4 /* FirebaseDatabase */,
				63D52BA22CC1993300226EB4 /* FirebaseDynamicLinks */,
				63D52BA42CC1993300226EB4 /* FirebaseFirestore */,
				63D52BA62CC1993300226EB4 /* FirebaseFirestoreCombine-Community */,
				63D52BA82CC1993300226EB4 /* FirebaseFunctions */,
				63D52BAA2CC1993300226EB4 /* FirebaseFunctionsCombine-Community */,
				63D52BAC2CC1993300226EB4 /* FirebaseInAppMessaging-Beta */,
				63D52BAE2CC1993300226EB4 /* FirebaseInstallations */,
				63D52BB02CC1993300226EB4 /* FirebaseMLModelDownloader */,
				63D52BB22CC1993300226EB4 /* FirebaseMessaging */,
				63D52BB42CC1993300226EB4 /* FirebasePerformance */,
				63D52BB62CC1993300226EB4 /* FirebaseRemoteConfig */,
				63D52BB82CC1993300226EB4 /* FirebaseStorage */,
				63D52BBA2CC1993300226EB4 /* FirebaseStorageCombine-Community */,
				63D52BEB2CC1B38500226EB4 /* FirebaseFirestore */,
				63D52BED2CC1B38500226EB4 /* FirebaseFirestoreCombine-Community */,
				63D52BF02CC1B4DA00226EB4 /* FirebaseFirestore */,
				63D52BF22CC1B4DA00226EB4 /* FirebaseFirestoreCombine-Community */,
				63D52BF42CC1B59700226EB4 /* FirebaseFirestore */,
			);
			productName = HajdeHajm;
			productReference = 63D52B4A2CC193C000226EB4 /* HajdeHajm.app */;
			productType = "com.apple.product-type.application";
		};
		63D52B5F2CC193C200226EB4 /* HajdeHajmTests */ = {
			isa = PBXNativeTarget;
			buildConfigurationList = 63D52B782CC193C200226EB4 /* Build configuration list for PBXNativeTarget "HajdeHajmTests" */;
			buildPhases = (
				63D52B5C2CC193C200226EB4 /* Sources */,
				63D52B5D2CC193C200226EB4 /* Frameworks */,
				63D52B5E2CC193C200226EB4 /* Resources */,
			);
			buildRules = (
			);
			dependencies = (
				63D52B622CC193C200226EB4 /* PBXTargetDependency */,
			);
			fileSystemSynchronizedGroups = (
				63D52B632CC193C200226EB4 /* HajdeHajmTests */,
			);
			name = HajdeHajmTests;
			packageProductDependencies = (
			);
			productName = HajdeHajmTests;
			productReference = 63D52B602CC193C200226EB4 /* HajdeHajmTests.xctest */;
			productType = "com.apple.product-type.bundle.unit-test";
		};
		63D52B692CC193C200226EB4 /* HajdeHajmUITests */ = {
			isa = PBXNativeTarget;
			buildConfigurationList = 63D52B7B2CC193C200226EB4 /* Build configuration list for PBXNativeTarget "HajdeHajmUITests" */;
			buildPhases = (
				63D52B662CC193C200226EB4 /* Sources */,
				63D52B672CC193C200226EB4 /* Frameworks */,
				63D52B682CC193C200226EB4 /* Resources */,
			);
			buildRules = (
			);
			dependencies = (
				63D52B6C2CC193C200226EB4 /* PBXTargetDependency */,
			);
			fileSystemSynchronizedGroups = (
				63D52B6D2CC193C200226EB4 /* HajdeHajmUITests */,
			);
			name = HajdeHajmUITests;
			packageProductDependencies = (
			);
			productName = HajdeHajmUITests;
			productReference = 63D52B6A2CC193C200226EB4 /* HajdeHajmUITests.xctest */;
			productType = "com.apple.product-type.bundle.ui-testing";
		};
/* End PBXNativeTarget section */

/* Begin PBXProject section */
		63D52B422CC193C000226EB4 /* Project object */ = {
			isa = PBXProject;
			attributes = {
				BuildIndependentTargetsInParallel = 1;
				LastSwiftUpdateCheck = 1600;
				LastUpgradeCheck = 1600;
				TargetAttributes = {
					63D52B492CC193C000226EB4 = {
						CreatedOnToolsVersion = 16.0;
					};
					63D52B5F2CC193C200226EB4 = {
						CreatedOnToolsVersion = 16.0;
						TestTargetID = 63D52B492CC193C000226EB4;
					};
					63D52B692CC193C200226EB4 = {
						CreatedOnToolsVersion = 16.0;
						TestTargetID = 63D52B492CC193C000226EB4;
					};
				};
			};
			buildConfigurationList = 63D52B452CC193C000226EB4 /* Build configuration list for PBXProject "HajdeHajm" */;
			developmentRegion = en;
			hasScannedForEncodings = 0;
			knownRegions = (
				en,
				Base,
			);
			mainGroup = 63D52B412CC193C000226EB4;
			minimizedProjectReferenceProxies = 1;
			packageReferences = (
				63D52B802CC1957A00226EB4 /* XCRemoteSwiftPackageReference "firebase-ios-sdk" */,
			);
			preferredProjectObjectVersion = 77;
			productRefGroup = 63D52B4B2CC193C000226EB4 /* Products */;
			projectDirPath = "";
			projectRoot = "";
			targets = (
				63D52B492CC193C000226EB4 /* HajdeHajm */,
				63D52B5F2CC193C200226EB4 /* HajdeHajmTests */,
				63D52B692CC193C200226EB4 /* HajdeHajmUITests */,
			);
		};
/* End PBXProject section */

/* Begin PBXResourcesBuildPhase section */
		63D52B482CC193C000226EB4 /* Resources */ = {
			isa = PBXResourcesBuildPhase;
			buildActionMask = 2147483647;
			files = (
			);
			runOnlyForDeploymentPostprocessing = 0;
		};
		63D52B5E2CC193C200226EB4 /* Resources */ = {
			isa = PBXResourcesBuildPhase;
			buildActionMask = 2147483647;
			files = (
			);
			runOnlyForDeploymentPostprocessing = 0;
		};
		63D52B682CC193C200226EB4 /* Resources */ = {
			isa = PBXResourcesBuildPhase;
			buildActionMask = 2147483647;
			files = (
			);
			runOnlyForDeploymentPostprocessing = 0;
		};
/* End PBXResourcesBuildPhase section */

/* Begin PBXSourcesBuildPhase section */
		63D52B462CC193C000226EB4 /* Sources */ = {
			isa = PBXSourcesBuildPhase;
			buildActionMask = 2147483647;
			files = (
			);
			runOnlyForDeploymentPostprocessing = 0;
		};
		63D52B5C2CC193C200226EB4 /* Sources */ = {
			isa = PBXSourcesBuildPhase;
			buildActionMask = 2147483647;
			files = (
			);
			runOnlyForDeploymentPostprocessing = 0;
		};
		63D52B662CC193C200226EB4 /* Sources */ = {
			isa = PBXSourcesBuildPhase;
			buildActionMask = 2147483647;
			files = (
			);
			runOnlyForDeploymentPostprocessing = 0;
		};
/* End PBXSourcesBuildPhase section */

/* Begin PBXTargetDependency section */
		63D52B622CC193C200226EB4 /* PBXTargetDependency */ = {
			isa = PBXTargetDependency;
			target = 63D52B492CC193C000226EB4 /* HajdeHajm */;
			targetProxy = 63D52B612CC193C200226EB4 /* PBXContainerItemProxy */;
		};
		63D52B6C2CC193C200226EB4 /* PBXTargetDependency */ = {
			isa = PBXTargetDependency;
			target = 63D52B492CC193C000226EB4 /* HajdeHajm */;
			targetProxy = 63D52B6B2CC193C200226EB4 /* PBXContainerItemProxy */;
		};
/* End PBXTargetDependency section */

/* Begin XCBuildConfiguration section */
		63D52B742CC193C200226EB4 /* Debug */ = {
			isa = XCBuildConfiguration;
			buildSettings = {
				ASSETCATALOG_COMPILER_APPICON_NAME = AppIcon;
				ASSETCATALOG_COMPILER_GLOBAL_ACCENT_COLOR_NAME = AccentColor;
				CODE_SIGN_STYLE = Automatic;
				CURRENT_PROJECT_VERSION = 1;
				DEVELOPMENT_TEAM = H5V2DQM77L;
				GENERATE_INFOPLIST_FILE = YES;
				INFOPLIST_FILE = HajdeHajm/Info.plist;
				INFOPLIST_KEY_CFBundleDisplayName = HajdeHajmBuk;
				INFOPLIST_KEY_UIApplicationSupportsIndirectInputEvents = YES;
				INFOPLIST_KEY_UILaunchStoryboardName = LaunchScreen;
				INFOPLIST_KEY_UISupportedInterfaceOrientations_iPad = "UIInterfaceOrientationPortrait UIInterfaceOrientationPortraitUpsideDown UIInterfaceOrientationLandscapeLeft UIInterfaceOrientationLandscapeRight";
				INFOPLIST_KEY_UISupportedInterfaceOrientations_iPhone = "UIInterfaceOrientationPortrait UIInterfaceOrientationLandscapeLeft UIInterfaceOrientationLandscapeRight";
				LD_RUNPATH_SEARCH_PATHS = (
					"$(inherited)",
					"@executable_path/Frameworks",
				);
				MARKETING_VERSION = 1.0;
				PRODUCT_BUNDLE_IDENTIFIER = kujtim.HajdeHajm;
				PRODUCT_NAME = "$(TARGET_NAME)";
				SWIFT_EMIT_LOC_STRINGS = YES;
				SWIFT_VERSION = 5.0;
				TARGETED_DEVICE_FAMILY = "1,2";
			};
			name = Debug;
		};
		63D52B752CC193C200226EB4 /* Release */ = {
			isa = XCBuildConfiguration;
			buildSettings = {
				ASSETCATALOG_COMPILER_APPICON_NAME = AppIcon;
				ASSETCATALOG_COMPILER_GLOBAL_ACCENT_COLOR_NAME = AccentColor;
				CODE_SIGN_STYLE = Automatic;
				CURRENT_PROJECT_VERSION = 1;
				DEVELOPMENT_TEAM = H5V2DQM77L;
				GENERATE_INFOPLIST_FILE = YES;
				INFOPLIST_FILE = HajdeHajm/Info.plist;
				INFOPLIST_KEY_CFBundleDisplayName = HajdeHajmBuk;
				INFOPLIST_KEY_UIApplicationSupportsIndirectInputEvents = YES;
				INFOPLIST_KEY_UILaunchStoryboardName = LaunchScreen;
				INFOPLIST_KEY_UISupportedInterfaceOrientations_iPad = "UIInterfaceOrientationPortrait UIInterfaceOrientationPortraitUpsideDown UIInterfaceOrientationLandscapeLeft UIInterfaceOrientationLandscapeRight";
				INFOPLIST_KEY_UISupportedInterfaceOrientations_iPhone = "UIInterfaceOrientationPortrait UIInterfaceOrientationLandscapeLeft UIInterfaceOrientationLandscapeRight";
				LD_RUNPATH_SEARCH_PATHS = (
					"$(inherited)",
					"@executable_path/Frameworks",
				);
				MARKETING_VERSION = 1.0;
				PRODUCT_BUNDLE_IDENTIFIER = kujtim.HajdeHajm;
				PRODUCT_NAME = "$(TARGET_NAME)";
				SWIFT_EMIT_LOC_STRINGS = YES;
				SWIFT_VERSION = 5.0;
				TARGETED_DEVICE_FAMILY = "1,2";
			};
			name = Release;
		};
		63D52B762CC193C200226EB4 /* Debug */ = {
			isa = XCBuildConfiguration;
			buildSettings = {
				ALWAYS_SEARCH_USER_PATHS = NO;
				ASSETCATALOG_COMPILER_GENERATE_SWIFT_ASSET_SYMBOL_EXTENSIONS = YES;
				CLANG_ANALYZER_NONNULL = YES;
				CLANG_ANALYZER_NUMBER_OBJECT_CONVERSION = YES_AGGRESSIVE;
				CLANG_CXX_LANGUAGE_STANDARD = "gnu++20";
				CLANG_ENABLE_MODULES = YES;
				CLANG_ENABLE_OBJC_ARC = YES;
				CLANG_ENABLE_OBJC_WEAK = YES;
				CLANG_WARN_BLOCK_CAPTURE_AUTORELEASING = YES;
				CLANG_WARN_BOOL_CONVERSION = YES;
				CLANG_WARN_COMMA = YES;
				CLANG_WARN_CONSTANT_CONVERSION = YES;
				CLANG_WARN_DEPRECATED_OBJC_IMPLEMENTATIONS = YES;
				CLANG_WARN_DIRECT_OBJC_ISA_USAGE = YES_ERROR;
				CLANG_WARN_DOCUMENTATION_COMMENTS = YES;
				CLANG_WARN_EMPTY_BODY = YES;
				CLANG_WARN_ENUM_CONVERSION = YES;
				CLANG_WARN_INFINITE_RECURSION = YES;
				CLANG_WARN_INT_CONVERSION = YES;
				CLANG_WARN_NON_LITERAL_NULL_CONVERSION = YES;
				CLANG_WARN_OBJC_IMPLICIT_RETAIN_SELF = YES;
				CLANG_WARN_OBJC_LITERAL_CONVERSION = YES;
				CLANG_WARN_OBJC_ROOT_CLASS = YES_ERROR;
				CLANG_WARN_QUOTED_INCLUDE_IN_FRAMEWORK_HEADER = YES;
				CLANG_WARN_RANGE_LOOP_ANALYSIS = YES;
				CLANG_WARN_STRICT_PROTOTYPES = YES;
				CLANG_WARN_SUSPICIOUS_MOVE = YES;
				CLANG_WARN_UNGUARDED_AVAILABILITY = YES_AGGRESSIVE;
				CLANG_WARN_UNREACHABLE_CODE = YES;
				CLANG_WARN__DUPLICATE_METHOD_MATCH = YES;
				COPY_PHASE_STRIP = NO;
				DEBUG_INFORMATION_FORMAT = dwarf;
				ENABLE_STRICT_OBJC_MSGSEND = YES;
				ENABLE_TESTABILITY = YES;
				ENABLE_USER_SCRIPT_SANDBOXING = YES;
				GCC_C_LANGUAGE_STANDARD = gnu17;
				GCC_DYNAMIC_NO_PIC = NO;
				GCC_NO_COMMON_BLOCKS = YES;
				GCC_OPTIMIZATION_LEVEL = 0;
				GCC_PREPROCESSOR_DEFINITIONS = (
					"DEBUG=1",
					"$(inherited)",
				);
				GCC_WARN_64_TO_32_BIT_CONVERSION = YES;
				GCC_WARN_ABOUT_RETURN_TYPE = YES_ERROR;
				GCC_WARN_UNDECLARED_SELECTOR = YES;
				GCC_WARN_UNINITIALIZED_AUTOS = YES_AGGRESSIVE;
				GCC_WARN_UNUSED_FUNCTION = YES;
				GCC_WARN_UNUSED_VARIABLE = YES;
				IPHONEOS_DEPLOYMENT_TARGET = 18.0;
				LOCALIZATION_PREFERS_STRING_CATALOGS = YES;
				MTL_ENABLE_DEBUG_INFO = INCLUDE_SOURCE;
				MTL_FAST_MATH = YES;
				ONLY_ACTIVE_ARCH = YES;
				SDKROOT = iphoneos;
				SWIFT_ACTIVE_COMPILATION_CONDITIONS = "DEBUG $(inherited)";
				SWIFT_OPTIMIZATION_LEVEL = "-Onone";
			};
			name = Debug;
		};
		63D52B772CC193C200226EB4 /* Release */ = {
			isa = XCBuildConfiguration;
			buildSettings = {
				ALWAYS_SEARCH_USER_PATHS = NO;
				ASSETCATALOG_COMPILER_GENERATE_SWIFT_ASSET_SYMBOL_EXTENSIONS = YES;
				CLANG_ANALYZER_NONNULL = YES;
				CLANG_ANALYZER_NUMBER_OBJECT_CONVERSION = YES_AGGRESSIVE;
				CLANG_CXX_LANGUAGE_STANDARD = "gnu++20";
				CLANG_ENABLE_MODULES = YES;
				CLANG_ENABLE_OBJC_ARC = YES;
				CLANG_ENABLE_OBJC_WEAK = YES;
				CLANG_WARN_BLOCK_CAPTURE_AUTORELEASING = YES;
				CLANG_WARN_BOOL_CONVERSION = YES;
				CLANG_WARN_COMMA = YES;
				CLANG_WARN_CONSTANT_CONVERSION = YES;
				CLANG_WARN_DEPRECATED_OBJC_IMPLEMENTATIONS = YES;
				CLANG_WARN_DIRECT_OBJC_ISA_USAGE = YES_ERROR;
				CLANG_WARN_DOCUMENTATION_COMMENTS = YES;
				CLANG_WARN_EMPTY_BODY = YES;
				CLANG_WARN_ENUM_CONVERSION = YES;
				CLANG_WARN_INFINITE_RECURSION = YES;
				CLANG_WARN_INT_CONVERSION = YES;
				CLANG_WARN_NON_LITERAL_NULL_CONVERSION = YES;
				CLANG_WARN_OBJC_IMPLICIT_RETAIN_SELF = YES;
				CLANG_WARN_OBJC_LITERAL_CONVERSION = YES;
				CLANG_WARN_OBJC_ROOT_CLASS = YES_ERROR;
				CLANG_WARN_QUOTED_INCLUDE_IN_FRAMEWORK_HEADER = YES;
				CLANG_WARN_RANGE_LOOP_ANALYSIS = YES;
				CLANG_WARN_STRICT_PROTOTYPES = YES;
				CLANG_WARN_SUSPICIOUS_MOVE = YES;
				CLANG_WARN_UNGUARDED_AVAILABILITY = YES_AGGRESSIVE;
				CLANG_WARN_UNREACHABLE_CODE = YES;
				CLANG_WARN__DUPLICATE_METHOD_MATCH = YES;
				COPY_PHASE_STRIP = NO;
				DEBUG_INFORMATION_FORMAT = "dwarf-with-dsym";
				ENABLE_NS_ASSERTIONS = NO;
				ENABLE_STRICT_OBJC_MSGSEND = YES;
				ENABLE_USER_SCRIPT_SANDBOXING = YES;
				GCC_C_LANGUAGE_STANDARD = gnu17;
				GCC_NO_COMMON_BLOCKS = YES;
				GCC_WARN_64_TO_32_BIT_CONVERSION = YES;
				GCC_WARN_ABOUT_RETURN_TYPE = YES_ERROR;
				GCC_WARN_UNDECLARED_SELECTOR = YES;
				GCC_WARN_UNINITIALIZED_AUTOS = YES_AGGRESSIVE;
				GCC_WARN_UNUSED_FUNCTION = YES;
				GCC_WARN_UNUSED_VARIABLE = YES;
				IPHONEOS_DEPLOYMENT_TARGET = 18.0;
				LOCALIZATION_PREFERS_STRING_CATALOGS = YES;
				MTL_ENABLE_DEBUG_INFO = NO;
				MTL_FAST_MATH = YES;
				SDKROOT = iphoneos;
				SWIFT_COMPILATION_MODE = wholemodule;
				VALIDATE_PRODUCT = YES;
			};
			name = Release;
		};
		63D52B792CC193C200226EB4 /* Debug */ = {
			isa = XCBuildConfiguration;
			buildSettings = {
				BUNDLE_LOADER = "$(TEST_HOST)";
				CODE_SIGN_STYLE = Automatic;
				CURRENT_PROJECT_VERSION = 1;
				DEVELOPMENT_TEAM = H5V2DQM77L;
				GENERATE_INFOPLIST_FILE = YES;
				IPHONEOS_DEPLOYMENT_TARGET = 18.0;
				MARKETING_VERSION = 1.0;
				PRODUCT_BUNDLE_IDENTIFIER = kujtim.HajdeHajmTests;
				PRODUCT_NAME = "$(TARGET_NAME)";
				SWIFT_EMIT_LOC_STRINGS = NO;
				SWIFT_VERSION = 5.0;
				TARGETED_DEVICE_FAMILY = "1,2";
				TEST_HOST = "$(BUILT_PRODUCTS_DIR)/HajdeHajm.app/$(BUNDLE_EXECUTABLE_FOLDER_PATH)/HajdeHajm";
			};
			name = Debug;
		};
		63D52B7A2CC193C200226EB4 /* Release */ = {
			isa = XCBuildConfiguration;
			buildSettings = {
				BUNDLE_LOADER = "$(TEST_HOST)";
				CODE_SIGN_STYLE = Automatic;
				CURRENT_PROJECT_VERSION = 1;
				DEVELOPMENT_TEAM = H5V2DQM77L;
				GENERATE_INFOPLIST_FILE = YES;
				IPHONEOS_DEPLOYMENT_TARGET = 18.0;
				MARKETING_VERSION = 1.0;
				PRODUCT_BUNDLE_IDENTIFIER = kujtim.HajdeHajmTests;
				PRODUCT_NAME = "$(TARGET_NAME)";
				SWIFT_EMIT_LOC_STRINGS = NO;
				SWIFT_VERSION = 5.0;
				TARGETED_DEVICE_FAMILY = "1,2";
				TEST_HOST = "$(BUILT_PRODUCTS_DIR)/HajdeHajm.app/$(BUNDLE_EXECUTABLE_FOLDER_PATH)/HajdeHajm";
			};
			name = Release;
		};
		63D52B7C2CC193C200226EB4 /* Debug */ = {
			isa = XCBuildConfiguration;
			buildSettings = {
				CODE_SIGN_STYLE = Automatic;
				CURRENT_PROJECT_VERSION = 1;
				DEVELOPMENT_TEAM = H5V2DQM77L;
				GENERATE_INFOPLIST_FILE = YES;
				MARKETING_VERSION = 1.0;
				PRODUCT_BUNDLE_IDENTIFIER = kujtim.HajdeHajmUITests;
				PRODUCT_NAME = "$(TARGET_NAME)";
				SWIFT_EMIT_LOC_STRINGS = NO;
				SWIFT_VERSION = 5.0;
				TARGETED_DEVICE_FAMILY = "1,2";
				TEST_TARGET_NAME = HajdeHajm;
			};
			name = Debug;
		};
		63D52B7D2CC193C200226EB4 /* Release */ = {
			isa = XCBuildConfiguration;
			buildSettings = {
				CODE_SIGN_STYLE = Automatic;
				CURRENT_PROJECT_VERSION = 1;
				DEVELOPMENT_TEAM = H5V2DQM77L;
				GENERATE_INFOPLIST_FILE = YES;
				MARKETING_VERSION = 1.0;
				PRODUCT_BUNDLE_IDENTIFIER = kujtim.HajdeHajmUITests;
				PRODUCT_NAME = "$(TARGET_NAME)";
				SWIFT_EMIT_LOC_STRINGS = NO;
				SWIFT_VERSION = 5.0;
				TARGETED_DEVICE_FAMILY = "1,2";
				TEST_TARGET_NAME = HajdeHajm;
			};
			name = Release;
		};
/* End XCBuildConfiguration section */

/* Begin XCConfigurationList section */
		63D52B452CC193C000226EB4 /* Build configuration list for PBXProject "HajdeHajm" */ = {
			isa = XCConfigurationList;
			buildConfigurations = (
				63D52B762CC193C200226EB4 /* Debug */,
				63D52B772CC193C200226EB4 /* Release */,
			);
			defaultConfigurationIsVisible = 0;
			defaultConfigurationName = Release;
		};
		63D52B732CC193C200226EB4 /* Build configuration list for PBXNativeTarget "HajdeHajm" */ = {
			isa = XCConfigurationList;
			buildConfigurations = (
				63D52B742CC193C200226EB4 /* Debug */,
				63D52B752CC193C200226EB4 /* Release */,
			);
			defaultConfigurationIsVisible = 0;
			defaultConfigurationName = Release;
		};
		63D52B782CC193C200226EB4 /* Build configuration list for PBXNativeTarget "HajdeHajmTests" */ = {
			isa = XCConfigurationList;
			buildConfigurations = (
				63D52B792CC193C200226EB4 /* Debug */,
				63D52B7A2CC193C200226EB4 /* Release */,
			);
			defaultConfigurationIsVisible = 0;
			defaultConfigurationName = Release;
		};
		63D52B7B2CC193C200226EB4 /* Build configuration list for PBXNativeTarget "HajdeHajmUITests" */ = {
			isa = XCConfigurationList;
			buildConfigurations = (
				63D52B7C2CC193C200226EB4 /* Debug */,
				63D52B7D2CC193C200226EB4 /* Release */,
			);
			defaultConfigurationIsVisible = 0;
			defaultConfigurationName = Release;
		};
/* End XCConfigurationList section */

/* Begin XCRemoteSwiftPackageReference section */
		63D52B802CC1957A00226EB4 /* XCRemoteSwiftPackageReference "firebase-ios-sdk" */ = {
			isa = XCRemoteSwiftPackageReference;
			repositoryURL = "https://github.com/firebase/firebase-ios-sdk";
			requirement = {
				kind = upToNextMajorVersion;
				minimumVersion = 11.3.0;
			};
		};
/* End XCRemoteSwiftPackageReference section */

/* Begin XCSwiftPackageProductDependency section */
		63D52B812CC1957A00226EB4 /* FirebaseAnalytics */ = {
			isa = XCSwiftPackageProductDependency;
			package = 63D52B802CC1957A00226EB4 /* XCRemoteSwiftPackageReference "firebase-ios-sdk" */;
			productName = FirebaseAnalytics;
		};
		63D52B832CC1957A00226EB4 /* FirebaseAnalyticsOnDeviceConversion */ = {
			isa = XCSwiftPackageProductDependency;
			package = 63D52B802CC1957A00226EB4 /* XCRemoteSwiftPackageReference "firebase-ios-sdk" */;
			productName = FirebaseAnalyticsOnDeviceConversion;
		};
		63D52B852CC1957A00226EB4 /* FirebaseAnalyticsWithoutAdIdSupport */ = {
			isa = XCSwiftPackageProductDependency;
			package = 63D52B802CC1957A00226EB4 /* XCRemoteSwiftPackageReference "firebase-ios-sdk" */;
			productName = FirebaseAnalyticsWithoutAdIdSupport;
		};
		63D52B872CC1957A00226EB4 /* FirebaseAppCheck */ = {
			isa = XCSwiftPackageProductDependency;
			package = 63D52B802CC1957A00226EB4 /* XCRemoteSwiftPackageReference "firebase-ios-sdk" */;
			productName = FirebaseAppCheck;
		};
		63D52B892CC1957A00226EB4 /* FirebaseAppDistribution-Beta */ = {
			isa = XCSwiftPackageProductDependency;
			package = 63D52B802CC1957A00226EB4 /* XCRemoteSwiftPackageReference "firebase-ios-sdk" */;
			productName = "FirebaseAppDistribution-Beta";
		};
		63D52B982CC1993300226EB4 /* FirebaseAuth */ = {
			isa = XCSwiftPackageProductDependency;
			productName = FirebaseAuth;
		};
		63D52B9A2CC1993300226EB4 /* FirebaseAuthCombine-Community */ = {
			isa = XCSwiftPackageProductDependency;
			productName = "FirebaseAuthCombine-Community";
		};
		63D52B9C2CC1993300226EB4 /* FirebaseCore */ = {
			isa = XCSwiftPackageProductDependency;
			productName = FirebaseCore;
		};
		63D52BA02CC1993300226EB4 /* FirebaseDatabase */ = {
			isa = XCSwiftPackageProductDependency;
			productName = FirebaseDatabase;
		};
		63D52BA22CC1993300226EB4 /* FirebaseDynamicLinks */ = {
			isa = XCSwiftPackageProductDependency;
			productName = FirebaseDynamicLinks;
		};
		63D52BA42CC1993300226EB4 /* FirebaseFirestore */ = {
			isa = XCSwiftPackageProductDependency;
			productName = FirebaseFirestore;
		};
		63D52BA62CC1993300226EB4 /* FirebaseFirestoreCombine-Community */ = {
			isa = XCSwiftPackageProductDependency;
			productName = "FirebaseFirestoreCombine-Community";
		};
		63D52BA82CC1993300226EB4 /* FirebaseFunctions */ = {
			isa = XCSwiftPackageProductDependency;
			productName = FirebaseFunctions;
		};
		63D52BAA2CC1993300226EB4 /* FirebaseFunctionsCombine-Community */ = {
			isa = XCSwiftPackageProductDependency;
			productName = "FirebaseFunctionsCombine-Community";
		};
		63D52BAC2CC1993300226EB4 /* FirebaseInAppMessaging-Beta */ = {
			isa = XCSwiftPackageProductDependency;
			productName = "FirebaseInAppMessaging-Beta";
		};
		63D52BAE2CC1993300226EB4 /* FirebaseInstallations */ = {
			isa = XCSwiftPackageProductDependency;
			productName = FirebaseInstallations;
		};
		63D52BB02CC1993300226EB4 /* FirebaseMLModelDownloader */ = {
			isa = XCSwiftPackageProductDependency;
			productName = FirebaseMLModelDownloader;
		};
		63D52BB22CC1993300226EB4 /* FirebaseMessaging */ = {
			isa = XCSwiftPackageProductDependency;
			productName = FirebaseMessaging;
		};
		63D52BB42CC1993300226EB4 /* FirebasePerformance */ = {
			isa = XCSwiftPackageProductDependency;
			productName = FirebasePerformance;
		};
		63D52BB62CC1993300226EB4 /* FirebaseRemoteConfig */ = {
			isa = XCSwiftPackageProductDependency;
			productName = FirebaseRemoteConfig;
		};
		63D52BB82CC1993300226EB4 /* FirebaseStorage */ = {
			isa = XCSwiftPackageProductDependency;
			productName = FirebaseStorage;
		};
		63D52BBA2CC1993300226EB4 /* FirebaseStorageCombine-Community */ = {
			isa = XCSwiftPackageProductDependency;
			productName = "FirebaseStorageCombine-Community";
		};
		63D52BEB2CC1B38500226EB4 /* FirebaseFirestore */ = {
			isa = XCSwiftPackageProductDependency;
			productName = FirebaseFirestore;
		};
		63D52BED2CC1B38500226EB4 /* FirebaseFirestoreCombine-Community */ = {
			isa = XCSwiftPackageProductDependency;
			productName = "FirebaseFirestoreCombine-Community";
		};
		63D52BF02CC1B4DA00226EB4 /* FirebaseFirestore */ = {
			isa = XCSwiftPackageProductDependency;
			productName = FirebaseFirestore;
		};
		63D52BF22CC1B4DA00226EB4 /* FirebaseFirestoreCombine-Community */ = {
			isa = XCSwiftPackageProductDependency;
			productName = "FirebaseFirestoreCombine-Community";
		};
		63D52BF42CC1B59700226EB4 /* FirebaseFirestore */ = {
			isa = XCSwiftPackageProductDependency;
			productName = FirebaseFirestore;
		};
/* End XCSwiftPackageProductDependency section */
	};
	rootObject = 63D52B422CC193C000226EB4 /* Project object */;
}
